# THIS IS AN AUTOGENERATED FILE. DO NOT EDIT THIS FILE DIRECTLY.
# yarn lockfile v1


prettier@^1.17.1:
  version "1.17.1"
  resolved "https://registry.yarnpkg.com/prettier/-/prettier-1.17.1.tgz#ed64b4e93e370cb8a25b9ef7fef3e4fd1c0995db"
  integrity sha512-TzGRNvuUSmPgwivDqkZ9tM/qTGW9hqDKWOE9YHiyQdixlKbv7kvEqsmDPrcHJTKwthU774TQwZXVtaQ/mMsvjg==
