// This lockfile was autogenerated by Pants. To regenerate, run:
//
//    ./pants generate-lockfiles --resolve=diff_shades
//
// --- BEGIN PANTS LOCKFILE METADATA: DO NOT EDIT OR REMOVE ---
// {
//   "version": 2,
//   "valid_for_interpreter_constraints": [
//     "CPython<3.11,>=3.6.2",
//     "PyPy==3.7.*"
//   ],
//   "generated_with_requirements": [
//     "beautifulsoup4==4.9.3",
//     "commonmark==0.9.1",
//     "pyyaml==5.4.1"
//   ]
// }
// --- END PANTS LOCKFILE METADATA ---

{
  "allow_builds": true,
  "allow_prereleases": false,
  "allow_wheels": true,
  "build_isolation": true,
  "constraints": [],
  "locked_resolves": [
    {
      "locked_requirements": [
        {
          "artifacts": [
            {
              "algorithm": "sha256",
              "hash": "fff47e031e34ec82bf17e00da8f592fe7de69aeea38be00523c04623c04fb666",
              "url": "https://files.pythonhosted.org/packages/d1/41/e6495bd7d3781cee623ce23ea6ac73282a373088fcd0ddc809a047b18eae/beautifulsoup4-4.9.3-py3-none-any.whl"
            },
            {
              "algorithm": "sha256",
              "hash": "84729e322ad1d5b4d25f805bfa05b902dd96450f43842c4e99067d5e1369eb25",
              "url": "https://files.pythonhosted.org/packages/6b/c3/d31704ae558dcca862e4ee8e8388f357af6c9d9acb0cad4ba0fbbd350d9a/beautifulsoup4-4.9.3.tar.gz"
            }
          ],
          "project_name": "beautifulsoup4",
          "requires_dists": [
            "html5lib; extra == \"html5lib\"",
            "lxml; extra == \"lxml\"",
            "soupsieve<2.0,>1.2; python_version < \"3.0\"",
            "soupsieve>1.2; python_version >= \"3.0\""
          ],
          "requires_python": null,
          "version": "4.9.3"
        },
        {
          "artifacts": [
            {
              "algorithm": "sha256",
              "hash": "da2f38c92590f83de410ba1a3cbceafbc74fee9def35f9251ba9a971d6d66fd9",
              "url": "https://files.pythonhosted.org/packages/b1/92/dfd892312d822f36c55366118b95d914e5f16de11044a27cf10a7d71bbbf/commonmark-0.9.1-py2.py3-none-any.whl"
            },
            {
              "algorithm": "sha256",
              "hash": "452f9dc859be7f06631ddcb328b6919c67984aca654e5fefb3914d54691aed60",
              "url": "https://files.pythonhosted.org/packages/60/48/a60f593447e8f0894ebb7f6e6c1f25dafc5e89c5879fdc9360ae93ff83f0/commonmark-0.9.1.tar.gz"
            }
          ],
          "project_name": "commonmark",
          "requires_dists": [
            "flake8==3.7.8; extra == \"test\"",
            "future>=0.14.0; python_version < \"3\"",
            "hypothesis==3.55.3; extra == \"test\""
          ],
          "requires_python": null,
          "version": "0.9.1"
        },
        {
          "artifacts": [
            {
              "algorithm": "sha256",
              "hash": "c20cfa2d49991c8b4147af39859b167664f2ad4561704ee74c1de03318e898db",
              "url": "https://files.pythonhosted.org/packages/bd/cb/9a65a8a852868ebfb7f6e631c2c0bf7e39c9f7a757ee329078a35534fc5b/PyYAML-5.4.1-cp39-cp39-win_amd64.whl"
            },
            {
              "algorithm": "sha256",
              "hash": "fd7f6999a8070df521b6384004ef42833b9bd62cfee11a09bda1079b4b704247",
              "url": "https://files.pythonhosted.org/packages/06/2f/c03b2b7e6fcda2793f751c82bd2c488d4bd064720edffa2fdda9a422bec2/PyYAML-5.4.1-cp38-cp38-manylinux2014_aarch64.whl"
            },
            {
              "algorithm": "sha256",
              "hash": "49d4cdd9065b9b6e206d0595fee27a96b5dd22618e7520c33204a4a3239d5b10",
              "url": "https://files.pythonhosted.org/packages/28/4c/e1e281a7b74f2422ae05fdfc2cb1a8a055b30dbec58a94054eac85d355a1/PyYAML-5.4.1-cp39-cp39-win32.whl"
            },
            {
              "algorithm": "sha256",
              "hash": "e4fac90784481d221a8e4b1162afa7c47ed953be40d31ab4629ae917510051df",
              "url": "https://files.pythonhosted.org/packages/30/d0/8699372d1c22202e80b160527f8412d98a5edfefeefac056df3997e84801/PyYAML-5.4.1-cp36-cp36m-win_amd64.whl"
            },
            {
              "algorithm": "sha256",
              "hash": "cb333c16912324fd5f769fff6bc5de372e9e7a202247b48870bc251ed40239aa",
              "url": "https://files.pythonhosted.org/packages/32/ac/a9383af90be713b0cb2ee7c7eb4317ab76957ed0a7e4aa9b9c170a992565/PyYAML-5.4.1-cp37-cp37m-manylinux2014_aarch64.whl"
            },
            {
              "algorithm": "sha256",
              "hash": "d483ad4e639292c90170eb6f7783ad19490e7a8defb3e46f97dfe4bacae89122",
              "url": "https://files.pythonhosted.org/packages/38/b1/ece9535e842b64e6e0676f5e4f506f1b395d9aaaea6f3ea9abad498a8697/PyYAML-5.4.1-cp39-cp39-manylinux2014_aarch64.whl"
            },
            {
              "algorithm": "sha256",
              "hash": "74c1485f7707cf707a7aef42ef6322b8f97921bd89be2ab6317fd782c2d53183",
              "url": "https://files.pythonhosted.org/packages/3d/1f/2a3705efca3b47161ceaaf52970a9d4b81cc84600818686ecd75093a00a5/PyYAML-5.4.1-cp39-cp39-manylinux1_x86_64.whl"
            },
            {
              "algorithm": "sha256",
              "hash": "fa5ae20527d8e831e8230cbffd9f8fe952815b2b7dae6ffec25318803a7528fc",
              "url": "https://files.pythonhosted.org/packages/42/55/8f1ccdce64a42eb72d5509057d53badfeaa08814cea4d1d11cadaa2d2b3d/PyYAML-5.4.1-cp38-cp38-win32.whl"
            },
            {
              "algorithm": "sha256",
              "hash": "fe69978f3f768926cfa37b867e3843918e012cf83f680806599ddce33c2c68b0",
              "url": "https://files.pythonhosted.org/packages/46/cb/e08d6f44782f778a80f8a9f56284415218954949062ecb6c79373d828019/PyYAML-5.4.1-cp37-cp37m-manylinux2014_s390x.whl"
            },
            {
              "algorithm": "sha256",
              "hash": "3bd0e463264cf257d1ffd2e40223b197271046d09dadf73a0fe82b9c1fc385a5",
              "url": "https://files.pythonhosted.org/packages/48/d9/144dae091f628f9f21ee28e125114d2041fd971a71242c68cb036009a6c2/PyYAML-5.4.1-cp36-cp36m-win32.whl"
            },
            {
              "algorithm": "sha256",
              "hash": "08682f6b72c722394747bddaf0aa62277e02557c0fd1c42cb853016a38f8dedf",
              "url": "https://files.pythonhosted.org/packages/66/7a/9f3a49dea61e98ac8bd3b6b619da4fcb59053232a6e11e9e865dab7c16e0/PyYAML-5.4.1-cp37-cp37m-win_amd64.whl"
            },
            {
              "algorithm": "sha256",
              "hash": "5accb17103e43963b80e6f837831f38d314a0495500067cb25afab2e8d7a4018",
              "url": "https://files.pythonhosted.org/packages/6b/8c/674cc47282af12bd7f12eea6cc87d907ada593b15f5ba0b51638599500c9/PyYAML-5.4.1-cp37-cp37m-macosx_10_9_x86_64.whl"
            },
            {
              "algorithm": "sha256",
              "hash": "8c1be557ee92a20f184922c7b6424e8ab6691788e6d86137c5d93c1a6ec1b8fb",
              "url": "https://files.pythonhosted.org/packages/70/96/c7245e551b1cb496bfb95840ace55ca60f20d3d8e33d70faf8c78a976899/PyYAML-5.4.1-cp38-cp38-manylinux1_x86_64.whl"
            },
            {
              "algorithm": "sha256",
              "hash": "fdc842473cd33f45ff6bce46aea678a54e3d21f1b61a7750ce3c498eedfe25d6",
              "url": "https://files.pythonhosted.org/packages/74/8d/0cc7f89444cb9c54bfdf07b0c29843f2f9fe0679bdb4e56ba5042e273a61/PyYAML-5.4.1-cp39-cp39-manylinux2014_s390x.whl"
            },
            {
              "algorithm": "sha256",
              "hash": "dd5de0646207f053eb0d6c74ae45ba98c3395a571a2891858e87df7c9b9bd51b",
              "url": "https://files.pythonhosted.org/packages/76/24/8f40555a59ab5cd5024264b395642a998056ab520fcaa2d6589e1a5190d9/PyYAML-5.4.1-cp37-cp37m-win32.whl"
            },
            {
              "algorithm": "sha256",
              "hash": "4e0583d24c881e14342eaf4ec5fbc97f934b999a6828693a99157fde912540cc",
              "url": "https://files.pythonhosted.org/packages/7a/5b/bc0b5ab38247bba158504a410112b6c03f153c652734ece1849749e5f518/PyYAML-5.4.1-cp36-cp36m-manylinux1_x86_64.whl"
            },
            {
              "algorithm": "sha256",
              "hash": "e1d4970ea66be07ae37a3c2e48b5ec63f7ba6804bdddfdbd3cfd954d25a82e63",
              "url": "https://files.pythonhosted.org/packages/7a/a5/393c087efdc78091afa2af9f1378762f9821c9c1d7a22c5753fb5ac5f97a/PyYAML-5.4.1-cp37-cp37m-manylinux1_x86_64.whl"
            },
            {
              "algorithm": "sha256",
              "hash": "0f5f5786c0e09baddcd8b4b45f20a7b5d61a7e7e99846e3c799b05c7c53fa696",
              "url": "https://files.pythonhosted.org/packages/97/d3/24097209f6af04fcdbb40500480a0feaa62164e60bca4c9532f0e9354e47/PyYAML-5.4.1-cp38-cp38-win_amd64.whl"
            },
            {
              "algorithm": "sha256",
              "hash": "607774cbba28732bfa802b54baa7484215f530991055bb562efbed5b2f20a45e",
              "url": "https://files.pythonhosted.org/packages/a0/a4/d63f2d7597e1a4b55aa3b4d6c5b029991d3b824b5bd331af8d4ab1ed687d/PyYAML-5.4.1.tar.gz"
            },
            {
              "algorithm": "sha256",
              "hash": "895f61ef02e8fed38159bb70f7e100e00f471eae2bc838cd0f4ebb21e28f8541",
              "url": "https://files.pythonhosted.org/packages/b0/6d/b848880f1afe751bfa2607538569557f1c11c7466416be873347ce4a884f/PyYAML-5.4.1-cp36-cp36m-manylinux2014_s390x.whl"
            },
            {
              "algorithm": "sha256",
              "hash": "d2d9808ea7b4af864f35ea216be506ecec180628aced0704e34aca0b040ffe46",
              "url": "https://files.pythonhosted.org/packages/cb/3f/2f35751408c0b2a425aa48dd79301a48418858d3366f84c75d1aa42b6e2d/PyYAML-5.4.1-cp38-cp38-macosx_10_9_x86_64.whl"
            },
            {
              "algorithm": "sha256",
              "hash": "bfb51918d4ff3d77c1c856a9699f8492c612cde32fd3bcd344af9be34999bfdc",
              "url": "https://files.pythonhosted.org/packages/d6/0d/4820527144e18e35488e6253a8b886ed0b90491fb8fff48c11ff71542529/PyYAML-5.4.1-cp38-cp38-manylinux2014_s390x.whl"
            },
            {
              "algorithm": "sha256",
              "hash": "294db365efa064d00b8d1ef65d8ea2c3426ac366c0c4368d930bf1c5fb497f77",
              "url": "https://files.pythonhosted.org/packages/e9/2d/297c01c7ed7d4d040903807824dc64d4f7bb53c15183ac9d7cb496d843eb/PyYAML-5.4.1-cp39-cp39-macosx_10_9_x86_64.whl"
            },
            {
              "algorithm": "sha256",
              "hash": "72a01f726a9c7851ca9bfad6fd09ca4e090a023c00945ea05ba1638c09dc3347",
              "url": "https://files.pythonhosted.org/packages/eb/fa/98f8ae428dc23a2b9dcfb187600e4a9b3effce35a28b63cb8f97fda1938c/PyYAML-5.4.1-cp36-cp36m-manylinux2014_aarch64.whl"
            },
            {
              "algorithm": "sha256",
              "hash": "6c78645d400265a062508ae399b60b8c167bf003db364ecb26dcab2bda048253",
              "url": "https://files.pythonhosted.org/packages/ef/e9/d62912119552b157ed66dc8297ae6ac08629d7d5c497d4faa26b0c3a4efe/PyYAML-5.4.1-cp36-cp36m-macosx_10_9_x86_64.whl"
            }
          ],
          "project_name": "pyyaml",
          "requires_dists": [],
          "requires_python": "!=3.0.*,!=3.1.*,!=3.2.*,!=3.3.*,!=3.4.*,!=3.5.*,>=2.7",
          "version": "5.4.1"
        },
        {
          "artifacts": [
            {
              "algorithm": "sha256",
              "hash": "3b2503d3c7084a42b1ebd08116e5f81aadfaea95863628c80a3b774a11b7c759",
              "url": "https://files.pythonhosted.org/packages/16/e3/4ad79882b92617e3a4a0df1960d6bce08edfb637737ac5c3f3ba29022e25/soupsieve-2.3.2.post1-py3-none-any.whl"
            },
            {
              "algorithm": "sha256",
              "hash": "fc53893b3da2c33de295667a0e19f078c14bf86544af307354de5fcf12a3f30d",
              "url": "https://files.pythonhosted.org/packages/f3/03/bac179d539362319b4779a00764e95f7542f4920084163db6b0fd4742d38/soupsieve-2.3.2.post1.tar.gz"
            }
          ],
          "project_name": "soupsieve",
          "requires_dists": [
            "backports-functools-lru-cache; python_version < \"3\""
          ],
          "requires_python": ">=3.6",
          "version": "2.3.2.post1"
        }
      ],
      "platform_tag": [
        "cp310",
        "cp310",
        "macosx_12_0_x86_64"
      ]
    }
  ],
  "path_mappings": {},
  "pex_version": "2.1.84",
  "prefer_older_binary": false,
  "requirements": [
    "beautifulsoup4==4.9.3",
    "commonmark==0.9.1",
    "pyyaml==5.4.1"
  ],
  "requires_python": [
    "<3.11,>=3.6.2",
    "==3.7.*"
  ],
  "resolver_version": "pip-2020-resolver",
  "style": "universal",
  "transitive": true,
  "use_pep517": null
}
