// This lockfile was autogenerated by Pants. To regenerate, run:
//
//    ./pants generate-lockfiles --resolve=flake8
//
// --- BEGIN PANTS LOCKFILE METADATA: DO NOT EDIT OR REMOVE ---
// {
//   "version": 2,
//   "valid_for_interpreter_constraints": [
//     "CPython<3.11,>=3.6.2",
//     "CPython<3.7,>=3.6.2",
//     "CPython==3.10.*",
//     "CPython==3.7.*",
//     "CPython==3.8.*",
//     "CPython==3.9.*",
//     "PyPy==3.7.*"
//   ],
//   "generated_with_requirements": [
//     "flake8-bugbear",
//     "flake8-comprehensions",
//     "flake8-simplify",
//     "flake8==4.0.1"
//   ]
// }
// --- END PANTS LOCKFILE METADATA ---

{
  "allow_builds": true,
  "allow_prereleases": false,
  "allow_wheels": true,
  "build_isolation": true,
  "constraints": [],
  "locked_resolves": [
    {
      "locked_requirements": [
        {
          "artifacts": [
            {
              "algorithm": "sha256",
              "hash": "070a54e890cefb5b3739d19f30f5a5ec840ffc9c50ffa7d23cc9fc1a38ebbfc5",
              "url": "https://files.pythonhosted.org/packages/c3/88/97eef84f48fa04fbd6750e62dcceafba6c63c81b7ac1420856c8dcc0a3f9/astor-0.8.1-py2.py3-none-any.whl"
            },
            {
              "algorithm": "sha256",
              "hash": "6a6effda93f4e1ce9f618779b2dd1d9d84f1e32812c23a29b3fff6fd7f63fa5e",
              "url": "https://files.pythonhosted.org/packages/5a/21/75b771132fee241dfe601d39ade629548a9626d1d39f333fde31bc46febe/astor-0.8.1.tar.gz"
            }
          ],
          "project_name": "astor",
          "requires_dists": [],
          "requires_python": "!=3.0.*,!=3.1.*,!=3.2.*,!=3.3.*,>=2.7",
          "version": "0.8.1"
        },
        {
          "artifacts": [
            {
              "algorithm": "sha256",
              "hash": "2d27e3784d7a565d36ab851fe94887c5eccd6a463168875832a1be79c82828b4",
              "url": "https://files.pythonhosted.org/packages/be/be/7abce643bfdf8ca01c48afa2ddf8308c2308b0c3b239a44e57d020afa0ef/attrs-21.4.0-py2.py3-none-any.whl"
            },
            {
              "algorithm": "sha256",
              "hash": "626ba8234211db98e869df76230a137c4c40a12d72445c45d5f5b716f076e2fd",
              "url": "https://files.pythonhosted.org/packages/d7/77/ebb15fc26d0f815839ecd897b919ed6d85c050feeb83e100e020df9153d2/attrs-21.4.0.tar.gz"
            }
          ],
          "project_name": "attrs",
          "requires_dists": [
            "cloudpickle; platform_python_implementation == \"CPython\" and extra == \"dev\"",
            "cloudpickle; platform_python_implementation == \"CPython\" and extra == \"tests\"",
            "cloudpickle; platform_python_implementation == \"CPython\" and extra == \"tests_no_zope\"",
            "coverage[toml]>=5.0.2; extra == \"dev\"",
            "coverage[toml]>=5.0.2; extra == \"tests\"",
            "coverage[toml]>=5.0.2; extra == \"tests_no_zope\"",
            "furo; extra == \"dev\"",
            "furo; extra == \"docs\"",
            "hypothesis; extra == \"dev\"",
            "hypothesis; extra == \"tests\"",
            "hypothesis; extra == \"tests_no_zope\"",
            "mypy; extra == \"dev\"",
            "mypy; extra == \"tests\"",
            "mypy; extra == \"tests_no_zope\"",
            "pre-commit; extra == \"dev\"",
            "pympler; extra == \"dev\"",
            "pympler; extra == \"tests\"",
            "pympler; extra == \"tests_no_zope\"",
            "pytest-mypy-plugins; extra == \"dev\"",
            "pytest-mypy-plugins; extra == \"tests\"",
            "pytest-mypy-plugins; extra == \"tests_no_zope\"",
            "pytest>=4.3.0; extra == \"dev\"",
            "pytest>=4.3.0; extra == \"tests\"",
            "pytest>=4.3.0; extra == \"tests_no_zope\"",
            "six; extra == \"dev\"",
            "six; extra == \"tests\"",
            "six; extra == \"tests_no_zope\"",
            "sphinx-notfound-page; extra == \"dev\"",
            "sphinx-notfound-page; extra == \"docs\"",
            "sphinx; extra == \"dev\"",
            "sphinx; extra == \"docs\"",
            "zope.interface; extra == \"dev\"",
            "zope.interface; extra == \"docs\"",
            "zope.interface; extra == \"tests\""
          ],
          "requires_python": "!=3.0.*,!=3.1.*,!=3.2.*,!=3.3.*,!=3.4.*,>=2.7",
          "version": "21.4"
        },
        {
          "artifacts": [
            {
              "algorithm": "sha256",
              "hash": "479b1304f72536a55948cb40a32dce8bb0ffe3501e26eaf292c7e60eb5e0428d",
              "url": "https://files.pythonhosted.org/packages/34/39/cde2c8a227abb4f9ce62fe55586b920f438f1d2903a1a22514d0b982c333/flake8-4.0.1-py2.py3-none-any.whl"
            },
            {
              "algorithm": "sha256",
              "hash": "806e034dda44114815e23c16ef92f95c91e4c71100ff52813adf7132a6ad870d",
              "url": "https://files.pythonhosted.org/packages/e6/84/d8db922289195c435779b4ca3a3f583f263f87e67954f7b2e83c8da21f48/flake8-4.0.1.tar.gz"
            }
          ],
          "project_name": "flake8",
          "requires_dists": [
            "importlib-metadata<4.3; python_version < \"3.8\"",
            "mccabe<0.7.0,>=0.6.0",
            "pycodestyle<2.9.0,>=2.8.0",
            "pyflakes<2.5.0,>=2.4.0"
          ],
          "requires_python": ">=3.6",
          "version": "4.0.1"
        },
        {
          "artifacts": [
            {
              "algorithm": "sha256",
              "hash": "ec374101cddf65bd7a96d393847d74e58d3b98669dbf9768344c39b6290e8bd6",
              "url": "https://files.pythonhosted.org/packages/1f/02/00eef219137474628d22c74204bff0e0776996af24a4e0ad63d2b8cf8d27/flake8_bugbear-22.4.25-py3-none-any.whl"
            },
            {
              "algorithm": "sha256",
              "hash": "f7c080563fca75ee6b205d06b181ecba22b802babb96b0b084cc7743d6908a55",
              "url": "https://files.pythonhosted.org/packages/ed/e8/d85a3e669970fc32f96cb7e4b170e2c1255db5ee643be57b1f1c37eea373/flake8-bugbear-22.4.25.tar.gz"
            }
          ],
          "project_name": "flake8-bugbear",
          "requires_dists": [
            "attrs>=19.2.0",
            "coverage; extra == \"dev\"",
            "flake8>=3.0.0",
            "hypothesis; extra == \"dev\"",
            "hypothesmith>=0.2; extra == \"dev\"",
            "pre-commit; extra == \"dev\""
          ],
          "requires_python": ">=3.6",
          "version": "22.4.25"
        },
        {
          "artifacts": [
            {
              "algorithm": "sha256",
              "hash": "a5d7aea6315bbbd6fbcb2b4e80bff6a54d1600155e26236e555d0c6fe1d62522",
              "url": "https://files.pythonhosted.org/packages/3c/91/9d309c22b5b2a163c801cd40f2e6e25ef374a6b3fa214bf8263c9ca4cfe1/flake8_comprehensions-3.7.0-py3-none-any.whl"
            },
            {
              "algorithm": "sha256",
              "hash": "6b3218b2dde8ac5959c6476cde8f41a79e823c22feb656be2710cd2a3232cef9",
              "url": "https://files.pythonhosted.org/packages/6d/b1/87d560cb5c1be41b92684196c283903abe0a9652984219909825fd87ad2c/flake8-comprehensions-3.7.0.tar.gz"
            }
          ],
          "project_name": "flake8-comprehensions",
          "requires_dists": [
            "flake8!=3.2.0,<5,>=3.0",
            "importlib-metadata; python_version < \"3.8\""
          ],
          "requires_python": ">=3.6",
          "version": "3.7"
        },
        {
          "artifacts": [
            {
              "algorithm": "sha256",
              "hash": "9c1e96ba738f9057a561697d67df7a9058898ac6313a67eda09942255cba6d38",
              "url": "https://files.pythonhosted.org/packages/48/12/92d0086eb0c7201091e215780b587c6b57c7c1feaa53f422b6330387ec63/flake8_simplify-0.19.2-py3-none-any.whl"
            },
            {
              "algorithm": "sha256",
              "hash": "a30ef76bf1c0cb89a52a8a5cee37667688e61a66735e997c08d56cd002f9e3e9",
              "url": "https://files.pythonhosted.org/packages/5a/31/d05179feb108a25fca7e80586d0562ca8c7e5109b2308ade86e8484e3b56/flake8_simplify-0.19.2.tar.gz"
            }
          ],
          "project_name": "flake8-simplify",
          "requires_dists": [
            "astor>=0.1",
            "flake8>=3.7",
            "importlib-metadata>=0.9; python_version < \"3.8\""
          ],
          "requires_python": ">=3.6.1",
          "version": "0.19.2"
        },
        {
          "artifacts": [
            {
              "algorithm": "sha256",
              "hash": "057e92c15bc8d9e8109738a48db0ccb31b4d9d5cfbee5a8670879a30be66304b",
              "url": "https://files.pythonhosted.org/packages/22/51/52442c59db26637681148c21f8984eed58c9db67053a0a4783a047010c98/importlib_metadata-4.2.0-py3-none-any.whl"
            },
            {
              "algorithm": "sha256",
              "hash": "b7e52a1f8dec14a75ea73e0891f3060099ca1d8e6a462a4dff11c3e119ea1b31",
              "url": "https://files.pythonhosted.org/packages/c7/7c/126a8686399ebe256b5e4343ea80b6f2ee91549969da2eef0bb2891b8d24/importlib_metadata-4.2.0.tar.gz"
            }
          ],
          "project_name": "importlib-metadata",
          "requires_dists": [
            "flufl.flake8; extra == \"testing\"",
            "importlib-resources>=1.3; python_version < \"3.9\" and extra == \"testing\"",
            "jaraco.packaging>=8.2; extra == \"docs\"",
            "packaging; extra == \"testing\"",
            "pep517; extra == \"testing\"",
            "pyfakefs; extra == \"testing\"",
            "pytest-black>=0.3.7; (platform_python_implementation != \"PyPy\" and python_version < \"3.10\") and extra == \"testing\"",
            "pytest-checkdocs>=2.4; extra == \"testing\"",
            "pytest-cov; extra == \"testing\"",
            "pytest-enabler>=1.0.1; extra == \"testing\"",
            "pytest-flake8; extra == \"testing\"",
            "pytest-mypy; (platform_python_implementation != \"PyPy\" and python_version < \"3.10\") and extra == \"testing\"",
            "pytest>=4.6; extra == \"testing\"",
            "rst.linker>=1.9; extra == \"docs\"",
            "sphinx; extra == \"docs\"",
            "typing-extensions>=3.6.4; python_version < \"3.8\"",
            "zipp>=0.5"
          ],
          "requires_python": ">=3.6",
          "version": "4.2"
        },
        {
          "artifacts": [
            {
              "algorithm": "sha256",
              "hash": "ab8a6258860da4b6677da4bd2fe5dc2c659cff31b3ee4f7f5d64e79735b80d42",
              "url": "https://files.pythonhosted.org/packages/87/89/479dc97e18549e21354893e4ee4ef36db1d237534982482c3681ee6e7b57/mccabe-0.6.1-py2.py3-none-any.whl"
            },
            {
              "algorithm": "sha256",
              "hash": "dd8d182285a0fe56bace7f45b5e7d1a6ebcbf524e8f3bd87eb0f125271b8831f",
              "url": "https://files.pythonhosted.org/packages/06/18/fa675aa501e11d6d6ca0ae73a101b2f3571a565e0f7d38e062eec18a91ee/mccabe-0.6.1.tar.gz"
            }
          ],
          "project_name": "mccabe",
          "requires_dists": [],
          "requires_python": null,
          "version": "0.6.1"
        },
        {
          "artifacts": [
            {
              "algorithm": "sha256",
              "hash": "720f8b39dde8b293825e7ff02c475f3077124006db4f440dcbc9a20b76548a20",
              "url": "https://files.pythonhosted.org/packages/15/94/bc43a2efb7b8615e38acde2b6624cae8c9ec86faf718ff5676c5179a7714/pycodestyle-2.8.0-py2.py3-none-any.whl"
            },
            {
              "algorithm": "sha256",
              "hash": "eddd5847ef438ea1c7870ca7eb78a9d47ce0cdb4851a5523949f2601d0cbbe7f",
              "url": "https://files.pythonhosted.org/packages/08/dc/b29daf0a202b03f57c19e7295b60d1d5e1281c45a6f5f573e41830819918/pycodestyle-2.8.0.tar.gz"
            }
          ],
          "project_name": "pycodestyle",
          "requires_dists": [],
          "requires_python": "!=3.0.*,!=3.1.*,!=3.2.*,!=3.3.*,!=3.4.*,>=2.7",
          "version": "2.8"
        },
        {
          "artifacts": [
            {
              "algorithm": "sha256",
              "hash": "3bb3a3f256f4b7968c9c788781e4ff07dce46bdf12339dcda61053375426ee2e",
              "url": "https://files.pythonhosted.org/packages/43/fb/38848eb494af7df9aeb2d7673ace8b213313eb7e391691a79dbaeb6a838f/pyflakes-2.4.0-py2.py3-none-any.whl"
            },
            {
              "algorithm": "sha256",
              "hash": "05a85c2872edf37a4ed30b0cce2f6093e1d0581f8c19d7393122da7e25b2b24c",
              "url": "https://files.pythonhosted.org/packages/15/60/c577e54518086e98470e9088278247f4af1d39cb43bcbd731e2c307acd6a/pyflakes-2.4.0.tar.gz"
            }
          ],
          "project_name": "pyflakes",
          "requires_dists": [],
          "requires_python": "!=3.0.*,!=3.1.*,!=3.2.*,!=3.3.*,>=2.7",
          "version": "2.4"
        },
        {
          "artifacts": [
            {
              "algorithm": "sha256",
              "hash": "21c85e0fe4b9a155d0799430b0ad741cdce7e359660ccbd8b530613e8df88ce2",
              "url": "https://files.pythonhosted.org/packages/45/6b/44f7f8f1e110027cf88956b59f2fad776cca7e1704396d043f89effd3a0e/typing_extensions-4.1.1-py3-none-any.whl"
            },
            {
              "algorithm": "sha256",
              "hash": "1a9462dcc3347a79b1f1c0271fbe79e844580bb598bafa1ed208b94da3cdcd42",
              "url": "https://files.pythonhosted.org/packages/b1/5a/8b5fbb891ef3f81fc923bf3cb4a578c0abf9471eb50ce0f51c74212182ab/typing_extensions-4.1.1.tar.gz"
            }
          ],
          "project_name": "typing-extensions",
          "requires_dists": [],
          "requires_python": ">=3.6",
          "version": "4.1.1"
        },
        {
          "artifacts": [
            {
              "algorithm": "sha256",
              "hash": "9fe5ea21568a0a70e50f273397638d39b03353731e6cbbb3fd8502a33fec40bc",
              "url": "https://files.pythonhosted.org/packages/bd/df/d4a4974a3e3957fd1c1fa3082366d7fff6e428ddb55f074bf64876f8e8ad/zipp-3.6.0-py3-none-any.whl"
            },
            {
              "algorithm": "sha256",
              "hash": "71c644c5369f4a6e07636f0aa966270449561fcea2e3d6747b8d23efaa9d7832",
              "url": "https://files.pythonhosted.org/packages/02/bf/0d03dbdedb83afec081fefe86cae3a2447250ef1a81ac601a9a56e785401/zipp-3.6.0.tar.gz"
            }
          ],
          "project_name": "zipp",
          "requires_dists": [
            "func-timeout; extra == \"testing\"",
            "jaraco.itertools; extra == \"testing\"",
            "jaraco.packaging>=8.2; extra == \"docs\"",
            "pytest-black>=0.3.7; platform_python_implementation != \"PyPy\" and extra == \"testing\"",
            "pytest-checkdocs>=2.4; extra == \"testing\"",
            "pytest-cov; extra == \"testing\"",
            "pytest-enabler>=1.0.1; extra == \"testing\"",
            "pytest-flake8; extra == \"testing\"",
            "pytest-mypy; platform_python_implementation != \"PyPy\" and extra == \"testing\"",
            "pytest>=4.6; extra == \"testing\"",
            "rst.linker>=1.9; extra == \"docs\"",
            "sphinx; extra == \"docs\""
          ],
          "requires_python": ">=3.6",
          "version": "3.6"
        }
      ],
      "platform_tag": [
        "cp310",
        "cp310",
        "macosx_12_0_x86_64"
      ]
    }
  ],
  "path_mappings": {},
  "pex_version": "2.1.84",
  "prefer_older_binary": false,
  "requirements": [
    "flake8-bugbear",
    "flake8-comprehensions",
    "flake8-simplify",
    "flake8==4.0.1"
  ],
  "requires_python": [
    "<3.11,>=3.6.2",
    "<3.7,>=3.6.2",
    "==3.10.*",
    "==3.7.*",
    "==3.7.*",
    "==3.8.*",
    "==3.9.*"
  ],
  "resolver_version": "pip-2020-resolver",
  "style": "universal",
  "transitive": true,
  "use_pep517": null
}
