// This lockfile was autogenerated by Pants. To regenerate, run:
//
//    ./pants generate-lockfiles --resolve=fuzz
//
// --- BEGIN PANTS LOCKFILE METADATA: DO NOT EDIT OR REMOVE ---
// {
//   "version": 2,
//   "valid_for_interpreter_constraints": [
//     "CPython<3.11,>=3.6.2",
//     "PyPy==3.7.*"
//   ],
//   "generated_with_requirements": [
//     "hypothesis",
//     "hypothesmith",
//     "lark-parser"
//   ]
// }
// --- END PANTS LOCKFILE METADATA ---

{
  "allow_builds": true,
  "allow_prereleases": false,
  "allow_wheels": true,
  "build_isolation": true,
  "constraints": [],
  "locked_resolves": [
    {
      "locked_requirements": [
        {
          "artifacts": [
            {
              "algorithm": "sha256",
              "hash": "2d27e3784d7a565d36ab851fe94887c5eccd6a463168875832a1be79c82828b4",
              "url": "https://files.pythonhosted.org/packages/be/be/7abce643bfdf8ca01c48afa2ddf8308c2308b0c3b239a44e57d020afa0ef/attrs-21.4.0-py2.py3-none-any.whl"
            },
            {
              "algorithm": "sha256",
              "hash": "626ba8234211db98e869df76230a137c4c40a12d72445c45d5f5b716f076e2fd",
              "url": "https://files.pythonhosted.org/packages/d7/77/ebb15fc26d0f815839ecd897b919ed6d85c050feeb83e100e020df9153d2/attrs-21.4.0.tar.gz"
            }
          ],
          "project_name": "attrs",
          "requires_dists": [
            "cloudpickle; platform_python_implementation == \"CPython\" and extra == \"dev\"",
            "cloudpickle; platform_python_implementation == \"CPython\" and extra == \"tests\"",
            "cloudpickle; platform_python_implementation == \"CPython\" and extra == \"tests_no_zope\"",
            "coverage[toml]>=5.0.2; extra == \"dev\"",
            "coverage[toml]>=5.0.2; extra == \"tests\"",
            "coverage[toml]>=5.0.2; extra == \"tests_no_zope\"",
            "furo; extra == \"dev\"",
            "furo; extra == \"docs\"",
            "hypothesis; extra == \"dev\"",
            "hypothesis; extra == \"tests\"",
            "hypothesis; extra == \"tests_no_zope\"",
            "mypy; extra == \"dev\"",
            "mypy; extra == \"tests\"",
            "mypy; extra == \"tests_no_zope\"",
            "pre-commit; extra == \"dev\"",
            "pympler; extra == \"dev\"",
            "pympler; extra == \"tests\"",
            "pympler; extra == \"tests_no_zope\"",
            "pytest-mypy-plugins; extra == \"dev\"",
            "pytest-mypy-plugins; extra == \"tests\"",
            "pytest-mypy-plugins; extra == \"tests_no_zope\"",
            "pytest>=4.3.0; extra == \"dev\"",
            "pytest>=4.3.0; extra == \"tests\"",
            "pytest>=4.3.0; extra == \"tests_no_zope\"",
            "six; extra == \"dev\"",
            "six; extra == \"tests\"",
            "six; extra == \"tests_no_zope\"",
            "sphinx-notfound-page; extra == \"dev\"",
            "sphinx-notfound-page; extra == \"docs\"",
            "sphinx; extra == \"dev\"",
            "sphinx; extra == \"docs\"",
            "zope.interface; extra == \"dev\"",
            "zope.interface; extra == \"docs\"",
            "zope.interface; extra == \"tests\""
          ],
          "requires_python": "!=3.0.*,!=3.1.*,!=3.2.*,!=3.3.*,!=3.4.*,>=2.7",
          "version": "21.4"
        },
        {
          "artifacts": [
            {
              "algorithm": "sha256",
              "hash": "454a69d788c7fda44efd71e259be79577822f5e3f53f029a22d08004e951dc9f",
              "url": "https://files.pythonhosted.org/packages/26/2f/1095cdc2868052dd1e64520f7c0d5c8c550ad297e944e641dbf1ffbb9a5d/dataclasses-0.6-py3-none-any.whl"
            },
            {
              "algorithm": "sha256",
              "hash": "6988bd2b895eef432d562370bb707d540f32f7360ab13da45340101bc2307d84",
              "url": "https://files.pythonhosted.org/packages/59/e4/2f921edfdf1493bdc07b914cbea43bc334996df4841a34523baf73d1fb4f/dataclasses-0.6.tar.gz"
            }
          ],
          "project_name": "dataclasses",
          "requires_dists": [],
          "requires_python": null,
          "version": "0.6"
        },
        {
          "artifacts": [
            {
              "algorithm": "sha256",
              "hash": "fbd31da5174f3da8d062017302071967b239a1b397d0e3181a44d43346bc6def",
              "url": "https://files.pythonhosted.org/packages/82/7e/01691560a3a98bb1ae909affde49392f599eef3a0b91c27b992bbbde2abb/hypothesis-6.31.6-py3-none-any.whl"
            },
            {
              "algorithm": "sha256",
              "hash": "d54be6a80b160ad5ea4209b01a0d72e31d910510ed7142fa9907861911800771",
              "url": "https://files.pythonhosted.org/packages/74/92/b1f1b9e3ee80ba8011ac31411041dbc3a443aebc238b4169a184a0627240/hypothesis-6.31.6.tar.gz"
            }
          ],
          "project_name": "hypothesis",
          "requires_dists": [
            "attrs>=19.2.0",
            "backports.zoneinfo>=0.2.1; python_version < \"3.9\" and extra == \"all\"",
            "backports.zoneinfo>=0.2.1; python_version < \"3.9\" and extra == \"zoneinfo\"",
            "black>=19.10b0; extra == \"all\"",
            "black>=19.10b0; extra == \"cli\"",
            "black>=19.10b0; extra == \"ghostwriter\"",
            "click>=7.0; extra == \"all\"",
            "click>=7.0; extra == \"cli\"",
            "django>=2.2; extra == \"all\"",
            "django>=2.2; extra == \"django\"",
            "dpcontracts>=0.4; extra == \"all\"",
            "dpcontracts>=0.4; extra == \"dpcontracts\"",
            "importlib-metadata>=3.6; python_version < \"3.8\" and extra == \"all\"",
            "importlib-resources>=3.3.0; python_version < \"3.7\" and extra == \"all\"",
            "importlib-resources>=3.3.0; python_version < \"3.7\" and extra == \"zoneinfo\"",
            "lark-parser>=0.6.5; extra == \"all\"",
            "lark-parser>=0.6.5; extra == \"lark\"",
            "libcst>=0.3.16; extra == \"all\"",
            "libcst>=0.3.16; extra == \"codemods\"",
            "numpy>=1.9.0; extra == \"all\"",
            "numpy>=1.9.0; extra == \"numpy\"",
            "pandas>=0.25; extra == \"all\"",
            "pandas>=0.25; extra == \"pandas\"",
            "pytest>=4.6; extra == \"all\"",
            "pytest>=4.6; extra == \"pytest\"",
            "python-dateutil>=1.4; extra == \"all\"",
            "python-dateutil>=1.4; extra == \"dateutil\"",
            "pytz>=2014.1; extra == \"all\"",
            "pytz>=2014.1; extra == \"pytz\"",
            "redis>=3.0.0; extra == \"all\"",
            "redis>=3.0.0; extra == \"redis\"",
            "rich>=9.0.0; extra == \"all\"",
            "rich>=9.0.0; extra == \"cli\"",
            "sortedcontainers<3.0.0,>=2.1.0",
            "tzdata>=2021.5; sys_platform == \"win32\" and extra == \"all\"",
            "tzdata>=2021.5; sys_platform == \"win32\" and extra == \"zoneinfo\""
          ],
          "requires_python": ">=3.6",
          "version": "6.31.6"
        },
        {
          "artifacts": [
            {
              "algorithm": "sha256",
              "hash": "21e4169bbdf471e44b3e0bedaade4bb2268d06ac660ef7d5facf4807be93cf6f",
              "url": "https://files.pythonhosted.org/packages/b8/d9/a7793480846f7865eb2783b67fdabe5caf3bd2a74f148c394d4b4c5210b8/hypothesmith-0.2.0-py3-none-any.whl"
            },
            {
              "algorithm": "sha256",
              "hash": "0fb7b3fd03d76eddd4474b0561e1c2662457593a74cc300fd27e5409cd4d7922",
              "url": "https://files.pythonhosted.org/packages/9e/38/226750d6d1b2a7d9042ca9c7e7da9c9d675fabd906560e5923aacd6d5bfe/hypothesmith-0.2.0.tar.gz"
            }
          ],
          "project_name": "hypothesmith",
          "requires_dists": [
            "hypothesis>=5.41.0",
            "lark-parser>=0.7.2",
            "libcst>=0.3.8"
          ],
          "requires_python": ">=3.6",
          "version": "0.2"
        },
        {
          "artifacts": [
            {
              "algorithm": "sha256",
              "hash": "0eaf30cb5ba787fe404d73a7d6e61df97b21d5a63ac26c5008c78a494373c675",
              "url": "https://files.pythonhosted.org/packages/76/00/90f05db333fe1aa6b6ffea83a35425b7d53ea95c8bba0b1597f226cf1d5f/lark_parser-0.12.0-py2.py3-none-any.whl"
            },
            {
              "algorithm": "sha256",
              "hash": "15967db1f1214013dca65b1180745047b9be457d73da224fcda3d9dd4e96a138",
              "url": "https://files.pythonhosted.org/packages/5a/ee/fd1192d7724419ddfe15b6f17d1c8742800d4de917c0adac3b6aaf22e921/lark-parser-0.12.0.tar.gz"
            }
          ],
          "project_name": "lark-parser",
          "requires_dists": [
            "atomicwrites; extra == \"atomic_cache\"",
            "js2py; extra == \"nearley\"",
            "regex; extra == \"regex\""
          ],
          "requires_python": null,
          "version": "0.12"
        },
        {
          "artifacts": [
            {
              "algorithm": "sha256",
              "hash": "ab268eae8a1fdbc23d510f598d0d5b1efe98d7e4f79045fd565c305adebe3a2d",
              "url": "https://files.pythonhosted.org/packages/44/64/dc6bf77ee330761f86e59523e58c1f2164819ef0dc8e9f02117db1af9669/libcst-0.4.1-cp39-cp39-win_amd64.whl"
            },
            {
              "algorithm": "sha256",
              "hash": "b4a6bc639bf9f7991e6850329264657448c6516a3d07fe2e0df692ae0bfdac83",
              "url": "https://files.pythonhosted.org/packages/01/f0/2c2afc1b08ed9fc08848c044fb49f8fbf856fdfa5c76e74c2961c14e28a6/libcst-0.4.1-cp36-cp36m-manylinux_2_17_aarch64.manylinux2014_aarch64.whl"
            },
            {
              "algorithm": "sha256",
              "hash": "05f97c0f56da7bf8a348d63603a04cdf8f9cc18b9880be62540788e968e4b6fa",
              "url": "https://files.pythonhosted.org/packages/1e/1d/f869ed375f138efa73b4d295af6e882630b06619e2ad261daeccf73fc896/libcst-0.4.1-cp37-cp37m-win_amd64.whl"
            },
            {
              "algorithm": "sha256",
              "hash": "06de1bc753d789f928f19f5bba5bc83b1b4b304a1b95f537b87c8d5d5cb4b9ce",
              "url": "https://files.pythonhosted.org/packages/1e/a8/f38af965a7fde5c78a30500c20069d94c8ce91f3ba8517b05af709de2d7e/libcst-0.4.1-cp39-cp39-manylinux_2_5_i686.manylinux1_i686.manylinux_2_17_i686.manylinux2014_i686.whl"
            },
            {
              "algorithm": "sha256",
              "hash": "753ada0471c666befb33ccb73258161bd6493ba3bbb5931abce9d02e71cc673f",
              "url": "https://files.pythonhosted.org/packages/36/bf/684829464a1a777d4a949177533245cde447da865969b9347c9984a0dda0/libcst-0.4.1-cp39-cp39-manylinux_2_17_aarch64.manylinux2014_aarch64.whl"
            },
            {
              "algorithm": "sha256",
              "hash": "2bd72ce428ac4123c075cbbacb66ae62ed0c166e248cc81b504779c27e263bb7",
              "url": "https://files.pythonhosted.org/packages/39/ff/2adbfa9b9688b8e1231eebd83df97b9a1d8f3b3118dcd04de99a71e9d179/libcst-0.4.1-cp39-cp39-macosx_11_0_arm64.whl"
            },
            {
              "algorithm": "sha256",
              "hash": "9880a360d9a07283825844d415dc89aee00f13977a571e68f7c168b39a5b7f59",
              "url": "https://files.pythonhosted.org/packages/3e/4b/6e1104f203571675d7a53b30d0023aa06c650ba3b7530c0c5aa898008797/libcst-0.4.1-cp39-cp39-macosx_10_9_x86_64.whl"
            },
            {
              "algorithm": "sha256",
              "hash": "43f698ee4eeb0fde410a369a4c51c7a5e61974307039ab8ef5c2da83f21b061d",
              "url": "https://files.pythonhosted.org/packages/4c/30/64e64b7bfe87742736dd2cfe04ebd07b2c0d9a486628ea90094994861508/libcst-0.4.1-cp38-cp38-win_amd64.whl"
            },
            {
              "algorithm": "sha256",
              "hash": "3f61d3be41946d4ed921afb5914e40027d639130771e89d6846c0cc5bee967ec",
              "url": "https://files.pythonhosted.org/packages/4d/5d/694094c77e4f4d5853366dc7e9e9e872f184950c54444d5e9a9efb1e15b8/libcst-0.4.1-cp38-cp38-macosx_11_0_arm64.whl"
            },
            {
              "algorithm": "sha256",
              "hash": "427c88ca77d0c7beb71a0c7f0ea9dccaafad5fc86bb384f381cd8c56412bd0db",
              "url": "https://files.pythonhosted.org/packages/4e/07/4d13cff54fce9227fdd210742c7483ada15a5940bab5f57136b20987e46e/libcst-0.4.1-cp36-cp36m-win_amd64.whl"
            },
            {
              "algorithm": "sha256",
              "hash": "f8f75ed9981ec9a96835f78809360847661cc9c8033d404dcc65c346ce480f4d",
              "url": "https://files.pythonhosted.org/packages/50/09/dd52a01a0eda007dde09fe0ee2fe25d4c64ce67d1742b2333ab512efedb8/libcst-0.4.1-cp310-cp310-manylinux_2_5_i686.manylinux1_i686.manylinux_2_17_i686.manylinux2014_i686.whl"
            },
            {
              "algorithm": "sha256",
              "hash": "c5076d07d4f556d82a04654b72ac80c1b38eea4590189c40880202de40ac4237",
              "url": "https://files.pythonhosted.org/packages/58/0f/405c22bf7650554cf894dd58f115589316066ea68e50ee2346dbe266a4d2/libcst-0.4.1-cp38-cp38-manylinux_2_17_x86_64.manylinux2014_x86_64.whl"
            },
            {
              "algorithm": "sha256",
              "hash": "2473609db1218ee3a3d69d39f97e97b65f6fdb90b2bfce0af7680448578ed6eb",
              "url": "https://files.pythonhosted.org/packages/59/de/3d1cc71368a170ba0e9f9b769edba2cb64a54e279e95472721863a032e9f/libcst-0.4.1-cp310-cp310-manylinux_2_17_aarch64.manylinux2014_aarch64.whl"
            },
            {
              "algorithm": "sha256",
              "hash": "7b2a6be4d8eace4670af9e596b8dd364d74072235e5a17cc7cff1509483a97c8",
              "url": "https://files.pythonhosted.org/packages/5b/d8/ad980493a1163cf28c45570944a3b3f70ab997d0a0dc1669fffe50ebade8/libcst-0.4.1-cp39-cp39-manylinux_2_17_x86_64.manylinux2014_x86_64.whl"
            },
            {
              "algorithm": "sha256",
              "hash": "407e419f8f69663509e37c9ebad88ca6ea4904d09a2293f47bbfc7597f82e7db",
              "url": "https://files.pythonhosted.org/packages/5d/a4/53941ff49e7a11b8acee0250a8e096a2643937e73b5a369becad67f7ad96/libcst-0.4.1-cp37-cp37m-manylinux_2_5_i686.manylinux1_i686.manylinux_2_17_i686.manylinux2014_i686.whl"
            },
            {
              "algorithm": "sha256",
              "hash": "e02d3141ce6960f8df5b3c2615ea112a7a5065a60e81e56ca65a498c2c7f2490",
              "url": "https://files.pythonhosted.org/packages/6c/14/03d1b6f165c9aa7377ef4a26697f970582a347c6133aeab4b074b12ec917/libcst-0.4.1-cp37-cp37m-macosx_10_9_x86_64.whl"
            },
            {
              "algorithm": "sha256",
              "hash": "ac37e00960d1ebffbad1b8723d11eaa69371ba49cbcb5680c4da3d50c0536dc3",
              "url": "https://files.pythonhosted.org/packages/70/bc/49dd8dec619079554151d2b276548d001eb5e3155251f4efa0bd18b6a8b0/libcst-0.4.1-cp36-cp36m-manylinux_2_17_x86_64.manylinux2014_x86_64.whl"
            },
            {
              "algorithm": "sha256",
              "hash": "ef99c15d0ea671bc1ba914d9f11634748479b1476fd389de9647c918c729d042",
              "url": "https://files.pythonhosted.org/packages/71/c7/042458f2ef8f628e39737155eecec9696e0bff948e7267a1be1994796674/libcst-0.4.1-cp37-cp37m-manylinux_2_17_x86_64.manylinux2014_x86_64.whl"
            },
            {
              "algorithm": "sha256",
              "hash": "9eab2755d4796ac0b89e705133547677eaaacb3a913f6b7761f4dc964cca2886",
              "url": "https://files.pythonhosted.org/packages/71/fb/7f951bbd82167e17cc2dd44f4d85ca921efca3ea226e56b9c9f92c057067/libcst-0.4.1-cp38-cp38-manylinux_2_17_aarch64.manylinux2014_aarch64.whl"
            },
            {
              "algorithm": "sha256",
              "hash": "ce228e20216bce09ddb4eceed9a669f7fb52568ff300edf99a8850a4d6ab9e86",
              "url": "https://files.pythonhosted.org/packages/76/39/d404f0b1ccab73607e6dd724fed9c3e9005ea51ac9a2464502bad97aac78/libcst-0.4.1-cp310-cp310-win_amd64.whl"
            },
            {
              "algorithm": "sha256",
              "hash": "c6bdb278244d35cc5a14275ac1c0c11de79c6df46031f537c7b707b5841dd518",
              "url": "https://files.pythonhosted.org/packages/86/e6/4fc1743df49b466a7c0ff0b64a2461732b3880d8a626a7b6207c0913f19e/libcst-0.4.1-cp36-cp36m-manylinux_2_5_i686.manylinux1_i686.manylinux_2_17_i686.manylinux2014_i686.whl"
            },
            {
              "algorithm": "sha256",
              "hash": "2f2a2d70f14628eaa2870b94f2c8094048af980754433ac1195af14be3f06e27",
              "url": "https://files.pythonhosted.org/packages/87/17/becce8f3eeb4f230b12e91f345fc1dfb98b0f3b726ef76336ae87ecd3d0f/libcst-0.4.1-cp37-cp37m-manylinux_2_17_aarch64.manylinux2014_aarch64.whl"
            },
            {
              "algorithm": "sha256",
              "hash": "af9526ecc53a515cb5a1761536d6cc6dce7b2ccd958a01d1f185fa580d844afa",
              "url": "https://files.pythonhosted.org/packages/94/0f/65a36f798ac9c35d8170b204973aa7f51a9a5f58adcda72e2c33dea64bdd/libcst-0.4.1-cp310-cp310-macosx_11_0_arm64.whl"
            },
            {
              "algorithm": "sha256",
              "hash": "fe162be926af39bf307dd69b1ceb89af5ccdbfe21e1d92ba24ef7faa9d62be7b",
              "url": "https://files.pythonhosted.org/packages/a2/a4/3491aecd652bb7441239a57b7a2d796363db7f1d1585adc6f9bd58b06969/libcst-0.4.1-cp38-cp38-manylinux_2_5_i686.manylinux1_i686.manylinux_2_17_i686.manylinux2014_i686.whl"
            },
            {
              "algorithm": "sha256",
              "hash": "961ab38c0ef318c384a287f1e4f877bb61ce93945f352b14b5dbbe7a317882b1",
              "url": "https://files.pythonhosted.org/packages/a4/6e/6fd5f3fc74a1401fa74f04afcd01e10f96e577ceb1ef3516c2e8d4d69736/libcst-0.4.1.tar.gz"
            },
            {
              "algorithm": "sha256",
              "hash": "46bc765dccd9741951b3716ce8ead0d7014fe5fe04927a5920188aedf786133e",
              "url": "https://files.pythonhosted.org/packages/a5/12/f46fb98340d479b24669a6391e02be809a16a279737a4362387166344fa3/libcst-0.4.1-cp310-cp310-macosx_10_9_x86_64.whl"
            },
            {
              "algorithm": "sha256",
              "hash": "35194a24918b7386310b3ce02456dc8259a2fdb8ef5c6620132047fb014b4e8e",
              "url": "https://files.pythonhosted.org/packages/ea/3b/e1eb1e7eb5ec22a7dba6ca3d5b68935c36e44d0b05c52a80898648c913e4/libcst-0.4.1-cp38-cp38-macosx_10_9_x86_64.whl"
            },
            {
              "algorithm": "sha256",
              "hash": "7aacd83126cf932c38cd58be3f8dd9b9aaa88feaf8aa42418156873a5f5ded70",
              "url": "https://files.pythonhosted.org/packages/f0/7a/84f0daee9441d424321443141542f7e7204a518124dbcccc518c36f4c538/libcst-0.4.1-cp36-cp36m-macosx_10_9_x86_64.whl"
            },
            {
              "algorithm": "sha256",
              "hash": "640256354d7183bc801a78a5b05238ccdc46b3646c7a7bee288f8cc046ed0b25",
              "url": "https://files.pythonhosted.org/packages/f5/76/5a88ec78c53d96c1cf62892fedae3390c518c2cbc34598e602cf0716830c/libcst-0.4.1-cp310-cp310-manylinux_2_17_x86_64.manylinux2014_x86_64.whl"
            }
          ],
          "project_name": "libcst",
          "requires_dists": [
            "black==21.10b0; extra == \"dev\"",
            "coverage>=4.5.4; extra == \"dev\"",
            "dataclasses>=0.6.0; python_version < \"3.7\"",
            "fixit==0.1.1; extra == \"dev\"",
            "flake8>=3.7.8; extra == \"dev\"",
            "hypothesis>=4.36.0; extra == \"dev\"",
            "hypothesmith>=0.0.4; extra == \"dev\"",
            "jupyter>=1.0.0; extra == \"dev\"",
            "maturin<0.9,>=0.8.3; extra == \"dev\"",
            "nbsphinx>=0.4.2; extra == \"dev\"",
            "prompt-toolkit>=2.0.9; extra == \"dev\"",
            "pyre-check==0.9.9; platform_system != \"Windows\" and extra == \"dev\"",
            "pyyaml>=5.2",
            "setuptools-rust>=0.12.1; extra == \"dev\"",
            "setuptools-scm>=6.0.1; extra == \"dev\"",
            "slotscheck>=0.7.1; extra == \"dev\"",
            "sphinx-rtd-theme>=0.4.3; extra == \"dev\"",
            "typing-extensions>=3.7.4.2",
            "typing-inspect>=0.4.0",
            "ufmt==1.3; extra == \"dev\"",
            "usort==1.0.0rc1; extra == \"dev\""
          ],
          "requires_python": ">=3.6",
          "version": "0.4.1"
        },
        {
          "artifacts": [
            {
              "algorithm": "sha256",
              "hash": "090fedd75945a69ae91ce1303b5824f428daf5a028d2f6ab8a299250a846f15d",
              "url": "https://files.pythonhosted.org/packages/5c/eb/975c7c080f3223a5cdaff09612f3a5221e4ba534f7039db34c35d95fa6a5/mypy_extensions-0.4.3-py2.py3-none-any.whl"
            },
            {
              "algorithm": "sha256",
              "hash": "2d82818f5bb3e369420cb3c4060a7970edba416647068eb4c5343488a6c604a8",
              "url": "https://files.pythonhosted.org/packages/63/60/0582ce2eaced55f65a4406fc97beba256de4b7a95a0034c6576458c6519f/mypy_extensions-0.4.3.tar.gz"
            }
          ],
          "project_name": "mypy-extensions",
          "requires_dists": [
            "typing>=3.5.3; python_version < \"3.5\""
          ],
          "requires_python": null,
          "version": "0.4.3"
        },
        {
          "artifacts": [
            {
              "algorithm": "sha256",
              "hash": "b3d267842bf12586ba6c734f89d1f5b871df0273157918b0ccefa29deb05c21c",
              "url": "https://files.pythonhosted.org/packages/08/f4/ffa743f860f34a5e8c60abaaa686f82c9ac7a2b50e5a1c3b1eb564d59159/PyYAML-6.0-cp39-cp39-win_amd64.whl"
            },
            {
              "algorithm": "sha256",
              "hash": "f84fbc98b019fef2ee9a1cb3ce93e3187a6df0b2538a651bfb890254ba9f90b5",
              "url": "https://files.pythonhosted.org/packages/02/25/6ba9f6bb50a3d4fbe22c1a02554dc670682a07c8701d1716d19ddea2c940/PyYAML-6.0-cp310-cp310-manylinux_2_5_x86_64.manylinux1_x86_64.manylinux_2_12_x86_64.manylinux2010_x86_64.whl"
            },
            {
              "algorithm": "sha256",
              "hash": "2cd5df3de48857ed0544b34e2d40e9fac445930039f3cfe4bcc592a1f836d513",
              "url": "https://files.pythonhosted.org/packages/0f/93/5f81d1925ce3b531f5ff215376445ec220887cd1c9a8bde23759554dbdfd/PyYAML-6.0-cp310-cp310-win32.whl"
            },
            {
              "algorithm": "sha256",
              "hash": "40527857252b61eacd1d9af500c3337ba8deb8fc298940291486c465c8b46ec0",
              "url": "https://files.pythonhosted.org/packages/12/fc/a4d5a7554e0067677823f7265cb3ae22aed8a238560b5133b58cda252dad/PyYAML-6.0-cp39-cp39-manylinux_2_5_x86_64.manylinux1_x86_64.manylinux_2_12_x86_64.manylinux2010_x86_64.whl"
            },
            {
              "algorithm": "sha256",
              "hash": "d67d839ede4ed1b28a4e8909735fc992a923cdb84e618544973d7dfc71540803",
              "url": "https://files.pythonhosted.org/packages/21/67/b42191239c5650c9e419c4a08a7a022bbf1abf55b0391c380a72c3af5462/PyYAML-6.0-cp39-cp39-manylinux_2_17_aarch64.manylinux2014_aarch64.whl"
            },
            {
              "algorithm": "sha256",
              "hash": "b5b9eccad747aabaaffbc6064800670f0c297e52c12754eb1d976c57e4f74dcb",
              "url": "https://files.pythonhosted.org/packages/2e/b3/13dfd4eeb5e4b2d686b6d1822b40702e991bf3a4194ca5cbcce8d43749db/PyYAML-6.0-cp39-cp39-win32.whl"
            },
            {
              "algorithm": "sha256",
              "hash": "68fb519c14306fec9720a2a5b45bc9f0c8d1b9c72adf45c37baedfcd949c35a2",
              "url": "https://files.pythonhosted.org/packages/36/2b/61d51a2c4f25ef062ae3f74576b01638bebad5e045f747ff12643df63844/PyYAML-6.0.tar.gz"
            },
            {
              "algorithm": "sha256",
              "hash": "d4db7c7aef085872ef65a8fd7d6d09a14ae91f691dec3e87ee5ee0539d516f53",
              "url": "https://files.pythonhosted.org/packages/44/e5/4fea13230bcebf24b28c0efd774a2dd65a0937a2d39e94a4503438b078ed/PyYAML-6.0-cp310-cp310-macosx_10_9_x86_64.whl"
            },
            {
              "algorithm": "sha256",
              "hash": "0283c35a6a9fbf047493e3a0ce8d79ef5030852c51e9d911a27badfde0605293",
              "url": "https://files.pythonhosted.org/packages/4d/7d/c2ab8da648cd2b937de11fb35649b127adab4851cbeaf5fd9b60a2dab0f7/PyYAML-6.0-cp36-cp36m-win32.whl"
            },
            {
              "algorithm": "sha256",
              "hash": "897b80890765f037df3403d22bab41627ca8811ae55e9a722fd0392850ec4d86",
              "url": "https://files.pythonhosted.org/packages/55/e3/507a92589994a5b3c3d7f2a7a066339d6ff61c5c839bae56f7eff03d9c7b/PyYAML-6.0-cp36-cp36m-macosx_10_9_x86_64.whl"
            },
            {
              "algorithm": "sha256",
              "hash": "77f396e6ef4c73fdc33a9157446466f1cff553d979bd00ecb64385760c6babdc",
              "url": "https://files.pythonhosted.org/packages/5e/f4/7b4bb01873be78fc9fde307f38f62e380b7111862c165372cf094ca2b093/PyYAML-6.0-cp310-cp310-manylinux_2_17_aarch64.manylinux2014_aarch64.whl"
            },
            {
              "algorithm": "sha256",
              "hash": "9fa600030013c4de8165339db93d182b9431076eb98eb40ee068700c9c813e34",
              "url": "https://files.pythonhosted.org/packages/63/6b/f5dc7942bac17192f4ef00b2d0cdd1ae45eea453d05c1944c0573debe945/PyYAML-6.0-cp38-cp38-manylinux_2_17_s390x.manylinux2014_s390x.whl"
            },
            {
              "algorithm": "sha256",
              "hash": "e61ceaab6f49fb8bdfaa0f92c4b57bcfbea54c09277b1b4f7ac376bfb7a7c174",
              "url": "https://files.pythonhosted.org/packages/67/d4/b95266228a25ef5bd70984c08b4efce2c035a4baa5ccafa827b266e3dc36/PyYAML-6.0-cp39-cp39-macosx_11_0_arm64.whl"
            },
            {
              "algorithm": "sha256",
              "hash": "213c60cd50106436cc818accf5baa1aba61c0189ff610f64f4a3e8c6726218ba",
              "url": "https://files.pythonhosted.org/packages/6c/3d/524c642f3db37e7e7ab8d13a3f8b0c72d04a619abc19100097d987378fc6/PyYAML-6.0-cp38-cp38-manylinux_2_17_aarch64.manylinux2014_aarch64.whl"
            },
            {
              "algorithm": "sha256",
              "hash": "48c346915c114f5fdb3ead70312bd042a953a8ce5c7106d5bfb1a5254e47da92",
              "url": "https://files.pythonhosted.org/packages/74/68/3c13deaa496c14a030c431b7b828d6b343f79eb241b4848c7918091a64a2/PyYAML-6.0-cp36-cp36m-manylinux_2_17_s390x.manylinux2014_s390x.whl"
            },
            {
              "algorithm": "sha256",
              "hash": "cba8c411ef271aa037d7357a2bc8f9ee8b58b9965831d9e51baf703280dc73d3",
              "url": "https://files.pythonhosted.org/packages/77/da/e845437ffe0dffae4e7562faf23a4f264d886431c5d2a2816c853288dc8e/PyYAML-6.0-cp39-cp39-manylinux_2_17_s390x.manylinux2014_s390x.whl"
            },
            {
              "algorithm": "sha256",
              "hash": "0ce82d761c532fe4ec3f87fc45688bdd3a4c1dc5e0b4a19814b9009a29baefd4",
              "url": "https://files.pythonhosted.org/packages/81/59/561f7e46916b78f3c4cab8d0c307c81656f11e32c846c0c97fda0019ed76/PyYAML-6.0-cp37-cp37m-manylinux_2_17_s390x.manylinux2014_s390x.whl"
            },
            {
              "algorithm": "sha256",
              "hash": "07751360502caac1c067a8132d150cf3d61339af5691fe9e87803040dbc5db57",
              "url": "https://files.pythonhosted.org/packages/89/26/0bfd7b756b34c68f8fd158b7bc762b6b1705fc1b3cebf4cdbb53fd9ea75b/PyYAML-6.0-cp36-cp36m-win_amd64.whl"
            },
            {
              "algorithm": "sha256",
              "hash": "9df7ed3b3d2e0ecfe09e14741b857df43adb5a3ddadc919a2d94fbdf78fea53c",
              "url": "https://files.pythonhosted.org/packages/91/49/d46d7b15cddfa98533e89f3832f391aedf7e31f37b4d4df3a7a7855a7073/PyYAML-6.0-cp310-cp310-macosx_11_0_arm64.whl"
            },
            {
              "algorithm": "sha256",
              "hash": "819b3830a1543db06c4d4b865e70ded25be52a2e0631ccd2f6a47a2822f2fd7c",
              "url": "https://files.pythonhosted.org/packages/9d/f6/7e91fbb58c9ee528759aea5892e062cccb426720c5830ddcce92eba00ff1/PyYAML-6.0-cp37-cp37m-macosx_10_9_x86_64.whl"
            },
            {
              "algorithm": "sha256",
              "hash": "d4eccecf9adf6fbcc6861a38015c2a64f38b9d94838ac1810a9023a0609e1b78",
              "url": "https://files.pythonhosted.org/packages/a4/ba/e508fc780e3c94c12753a54fe8f74de535741a10d33b29a576a9bec03500/PyYAML-6.0-cp38-cp38-win32.whl"
            },
            {
              "algorithm": "sha256",
              "hash": "c5687b8d43cf58545ade1fe3e055f70eac7a5a1a0bf42824308d868289a95737",
              "url": "https://files.pythonhosted.org/packages/a4/e6/4d7a01bc0730c8f958a62d6a4c4f3df23b6139ad68c132b168970d84f192/PyYAML-6.0-cp37-cp37m-win32.whl"
            },
            {
              "algorithm": "sha256",
              "hash": "50602afada6d6cbfad699b0c7bb50d5ccffa7e46a3d738092afddc1f9758427f",
              "url": "https://files.pythonhosted.org/packages/a8/32/1bbe38477fb23f1d83041fefeabf93ef1cd6f0efcf44c221519507315d92/PyYAML-6.0-cp36-cp36m-manylinux_2_17_aarch64.manylinux2014_aarch64.whl"
            },
            {
              "algorithm": "sha256",
              "hash": "1e4747bc279b4f613a09eb64bba2ba602d8a6664c6ce6396a4d0cd413a50ce07",
              "url": "https://files.pythonhosted.org/packages/a8/5b/c4d674846ea4b07ee239fbf6010bcc427c4e4552ba5655b446e36b9a40a7/PyYAML-6.0-cp38-cp38-win_amd64.whl"
            },
            {
              "algorithm": "sha256",
              "hash": "98c4d36e99714e55cfbaaee6dd5badbc9a1ec339ebfc3b1f52e293aee6bb71a4",
              "url": "https://files.pythonhosted.org/packages/b3/85/79b9e5b4e8d3c0ac657f4e8617713cca8408f6cdc65d2ee6554217cedff1/PyYAML-6.0-cp36-cp36m-manylinux_2_5_x86_64.manylinux1_x86_64.manylinux_2_12_x86_64.manylinux2010_x86_64.whl"
            },
            {
              "algorithm": "sha256",
              "hash": "daf496c58a8c52083df09b80c860005194014c3698698d1a57cbcfa182142a3a",
              "url": "https://files.pythonhosted.org/packages/b7/09/2f6f4851bbca08642fef087bade095edc3c47f28d1e7bff6b20de5262a77/PyYAML-6.0-cp310-cp310-win_amd64.whl"
            },
            {
              "algorithm": "sha256",
              "hash": "d15a181d1ecd0d4270dc32edb46f7cb7733c7c508857278d3d378d14d606db2d",
              "url": "https://files.pythonhosted.org/packages/d1/c0/4fe04181b0210ee2647cfbb89ecd10a36eef89f10d8aca6a192c201bbe58/PyYAML-6.0-cp37-cp37m-win_amd64.whl"
            },
            {
              "algorithm": "sha256",
              "hash": "277a0ef2981ca40581a47093e9e2d13b3f1fbbeffae064c1d21bfceba2030287",
              "url": "https://files.pythonhosted.org/packages/d7/42/7ad4b6d67a16229496d4f6e74201bdbebcf4bc1e87d5a70c9297d4961bd2/PyYAML-6.0-cp38-cp38-manylinux_2_5_x86_64.manylinux1_x86_64.manylinux_2_12_x86_64.manylinux2010_x86_64.whl"
            },
            {
              "algorithm": "sha256",
              "hash": "0b4624f379dab24d3725ffde76559cff63d9ec94e1736b556dacdfebe5ab6d4b",
              "url": "https://files.pythonhosted.org/packages/db/4e/74bc723f2d22677387ab90cd9139e62874d14211be7172ed8c9f9a7c81a9/PyYAML-6.0-cp38-cp38-macosx_10_9_x86_64.whl"
            },
            {
              "algorithm": "sha256",
              "hash": "473f9edb243cb1935ab5a084eb238d842fb8f404ed2193a915d1784b5a6b5fc0",
              "url": "https://files.pythonhosted.org/packages/df/75/ee0565bbf65133e5b6ffa154db43544af96ea4c42439e6b58c1e0eb44b4e/PyYAML-6.0-cp37-cp37m-manylinux_2_17_aarch64.manylinux2014_aarch64.whl"
            },
            {
              "algorithm": "sha256",
              "hash": "231710d57adfd809ef5d34183b8ed1eeae3f76459c18fb4a0b373ad56bedcdd9",
              "url": "https://files.pythonhosted.org/packages/eb/5f/6e6fe6904e1a9c67bc2ca5629a69e7a5a0b17f079da838bab98a1e548b25/PyYAML-6.0-cp37-cp37m-manylinux_2_5_x86_64.manylinux1_x86_64.manylinux_2_12_x86_64.manylinux2010_x86_64.whl"
            },
            {
              "algorithm": "sha256",
              "hash": "a80a78046a72361de73f8f395f1f1e49f956c6be882eed58505a15f3e430962b",
              "url": "https://files.pythonhosted.org/packages/ef/ad/b443cce94539e57e1a745a845f95c100ad7b97593d7e104051e43f730ecd/PyYAML-6.0-cp310-cp310-manylinux_2_17_s390x.manylinux2014_s390x.whl"
            },
            {
              "algorithm": "sha256",
              "hash": "055d937d65826939cb044fc8c9b08889e8c743fdc6a32b33e2390f66013e449b",
              "url": "https://files.pythonhosted.org/packages/f5/6f/b8b4515346af7c33d3b07cd8ca8ea0700ca72e8d7a750b2b87ac0268ca4e/PyYAML-6.0-cp39-cp39-macosx_10_9_x86_64.whl"
            }
          ],
          "project_name": "pyyaml",
          "requires_dists": [],
          "requires_python": ">=3.6",
          "version": "6"
        },
        {
          "artifacts": [
            {
              "algorithm": "sha256",
              "hash": "a163dcaede0f1c021485e957a39245190e74249897e2ae4b2aa38595db237ee0",
              "url": "https://files.pythonhosted.org/packages/32/46/9cb0e58b2deb7f82b84065f37f3bffeb12413f947f9388e4cac22c4621ce/sortedcontainers-2.4.0-py2.py3-none-any.whl"
            },
            {
              "algorithm": "sha256",
              "hash": "25caa5a06cc30b6b83d11423433f65d1f9d76c4c6a0c90e3379eaa43b9bfdb88",
              "url": "https://files.pythonhosted.org/packages/e8/c4/ba2f8066cceb6f23394729afe52f3bf7adec04bf9ed2c820b39e19299111/sortedcontainers-2.4.0.tar.gz"
            }
          ],
          "project_name": "sortedcontainers",
          "requires_dists": [],
          "requires_python": null,
          "version": "2.4"
        },
        {
          "artifacts": [
            {
              "algorithm": "sha256",
              "hash": "21c85e0fe4b9a155d0799430b0ad741cdce7e359660ccbd8b530613e8df88ce2",
              "url": "https://files.pythonhosted.org/packages/45/6b/44f7f8f1e110027cf88956b59f2fad776cca7e1704396d043f89effd3a0e/typing_extensions-4.1.1-py3-none-any.whl"
            },
            {
              "algorithm": "sha256",
              "hash": "1a9462dcc3347a79b1f1c0271fbe79e844580bb598bafa1ed208b94da3cdcd42",
              "url": "https://files.pythonhosted.org/packages/b1/5a/8b5fbb891ef3f81fc923bf3cb4a578c0abf9471eb50ce0f51c74212182ab/typing_extensions-4.1.1.tar.gz"
            }
          ],
          "project_name": "typing-extensions",
          "requires_dists": [],
          "requires_python": ">=3.6",
          "version": "4.1.1"
        },
        {
          "artifacts": [
            {
              "algorithm": "sha256",
              "hash": "3cd7d4563e997719a710a3bfe7ffb544c6b72069b6812a02e9b414a8fa3aaa6b",
              "url": "https://files.pythonhosted.org/packages/ad/fa/77565f652ce57ed56d3a63d537c885a18e4451cf2d56d944991aeb3c82bd/typing_inspect-0.7.1-py3-none-any.whl"
            },
            {
              "algorithm": "sha256",
              "hash": "047d4097d9b17f46531bf6f014356111a1b6fb821a24fe7ac909853ca2a782aa",
              "url": "https://files.pythonhosted.org/packages/c3/da/864ce66818e308b38209d4b1ef0585921d28eb07621ba7d905a0e96bcc80/typing_inspect-0.7.1.tar.gz"
            }
          ],
          "project_name": "typing-inspect",
          "requires_dists": [
            "mypy-extensions>=0.3.0",
            "typing-extensions>=3.7.4",
            "typing>=3.7.4; python_version < \"3.5\""
          ],
          "requires_python": null,
          "version": "0.7.1"
        }
      ],
      "platform_tag": [
        "cp310",
        "cp310",
        "macosx_12_0_x86_64"
      ]
    }
  ],
  "path_mappings": {},
  "pex_version": "2.1.84",
  "prefer_older_binary": false,
  "requirements": [
    "hypothesis",
    "hypothesmith",
    "lark-parser"
  ],
  "requires_python": [
    "<3.11,>=3.6.2",
    "==3.7.*"
  ],
  "resolver_version": "pip-2020-resolver",
  "style": "universal",
  "transitive": true,
  "use_pep517": null
}
