// This lockfile was autogenerated by Pants. To regenerate, run:
//
//    ./pants generate-lockfiles --resolve=mypy
//
// --- BEGIN PANTS LOCKFILE METADATA: DO NOT EDIT OR REMOVE ---
// {
//   "version": 2,
//   "valid_for_interpreter_constraints": [
//     "CPython<3.11,>=3.6.2"
//   ],
//   "generated_with_requirements": [
//     "mypy==0.940"
//   ]
// }
// --- END PANTS LOCKFILE METADATA ---

{
  "allow_builds": true,
  "allow_prereleases": false,
  "allow_wheels": true,
  "build_isolation": true,
  "constraints": [],
  "locked_resolves": [
    {
      "locked_requirements": [
        {
          "artifacts": [
            {
              "algorithm": "sha256",
              "hash": "a168da06eccf51875fdff5f305a47f021f23f300e2b89768abdac24538b1f8ec",
              "url": "https://files.pythonhosted.org/packages/9f/77/cbc57aee61651a8af6a2a2f9f974aa5bfc1602d1a51fbb9018a38fa5d53a/mypy-0.940-py3-none-any.whl"
            },
            {
              "algorithm": "sha256",
              "hash": "a0e5657ccaedeb5fdfda59918cc98fc6d8a8e83041bc0cec347a2ab6915f9998",
              "url": "https://files.pythonhosted.org/packages/00/ed/ffbc2204ecfdcfca466f81aa6376a9ca9b1e5032a3177041bbdbb8209f5e/mypy-0.940-cp39-cp39-manylinux_2_5_x86_64.manylinux1_x86_64.manylinux_2_12_x86_64.manylinux2010_x86_64.whl"
            },
            {
              "algorithm": "sha256",
              "hash": "b2fa5f2d597478ccfe1f274f8da2f50ea1e63da5a7ae2342c5b3b2f3e57ec340",
              "url": "https://files.pythonhosted.org/packages/01/cc/6f53e889249ac8dc418a592cf425c13ec8f2cb2584adb17e24bb3851e1b0/mypy-0.940-cp38-cp38-macosx_10_9_x86_64.whl"
            },
            {
              "algorithm": "sha256",
              "hash": "71bec3d2782d0b1fecef7b1c436253544d81c1c0e9ca58190aed9befd8f081c5",
              "url": "https://files.pythonhosted.org/packages/02/7e/fb5618b53809c4c5736465eeea89bd3517f10d9e88d8f6533a7286ef15ea/mypy-0.940.tar.gz"
            },
            {
              "algorithm": "sha256",
              "hash": "712affcc456de637e774448c73e21c84dfa5a70bcda34e9b0be4fb898a9e8e07",
              "url": "https://files.pythonhosted.org/packages/13/55/a0c70f6781fadf9ef312f5f2ccd96af085db9459dafee082724d708c31a9/mypy-0.940-cp36-cp36m-win_amd64.whl"
            },
            {
              "algorithm": "sha256",
              "hash": "8aaf18d0f8bc3ffba56d32a85971dfbd371a5be5036da41ac16aefec440eff17",
              "url": "https://files.pythonhosted.org/packages/4f/e2/76af803b4b14ba1d3dc3829c2f2e38f8ce2bc950ec7388ff7da64bcc59da/mypy-0.940-cp37-cp37m-macosx_10_9_x86_64.whl"
            },
            {
              "algorithm": "sha256",
              "hash": "628f5513268ebbc563750af672ccba5eef7f92d2d90154233edd498dfb98ca4e",
              "url": "https://files.pythonhosted.org/packages/61/45/3c83c051c4344ce0c34f223a12b10d31e51458cab71d981168a164234e0f/mypy-0.940-cp37-cp37m-win_amd64.whl"
            },
            {
              "algorithm": "sha256",
              "hash": "0b52778a018559a256c819ee31b2e21e10b31ddca8705624317253d6d08dbc35",
              "url": "https://files.pythonhosted.org/packages/63/46/02d949f32b6957dab1cc8fc353f7bdfcaa0933afdc8a6225ab26248a3497/mypy-0.940-cp39-cp39-macosx_10_9_x86_64.whl"
            },
            {
              "algorithm": "sha256",
              "hash": "1903c92ff8642d521b4627e51a67e49f5be5aedb1fb03465b3aae4c3338ec491",
              "url": "https://files.pythonhosted.org/packages/6b/d4/4de1ad01c4fde6d4f9e3779468a2bbd6c4dea61ba99ae2688399bbf050d1/mypy-0.940-cp310-cp310-macosx_10_9_x86_64.whl"
            },
            {
              "algorithm": "sha256",
              "hash": "0fdc9191a49c77ab5fa0439915d405e80a1118b163ab03cd2a530f346b12566a",
              "url": "https://files.pythonhosted.org/packages/6b/e3/72406340697b2df13911395d29ee465a4983d2d3d1edeb91c9a308ee0bad/mypy-0.940-cp310-cp310-macosx_10_9_universal2.whl"
            },
            {
              "algorithm": "sha256",
              "hash": "3ac14949677ae9cb1adc498c423b194ad4d25b13322f6fe889fb72b664c79121",
              "url": "https://files.pythonhosted.org/packages/91/1f/fa7fe08e832808019e66df58738fdc11e40df91279482e521284ffddfb2c/mypy-0.940-cp38-cp38-win_amd64.whl"
            },
            {
              "algorithm": "sha256",
              "hash": "6eab2bcc2b9489b7df87d7c20743b66d13254ad4d6430e1dfe1a655d51f0933d",
              "url": "https://files.pythonhosted.org/packages/98/7d/60a0a8cc1a35d4fdebf2f29b59d6e5a6b5b1e291313327e271a62656baaf/mypy-0.940-cp39-cp39-macosx_10_9_universal2.whl"
            },
            {
              "algorithm": "sha256",
              "hash": "2dba92f58610d116f68ec1221fb2de2a346d081d17b24a784624389b17a4b3f9",
              "url": "https://files.pythonhosted.org/packages/99/a8/13b74e20483bc03f02acb150918a5cd4cf28190da8b651ea98d451fa830a/mypy-0.940-cp36-cp36m-manylinux_2_5_x86_64.manylinux1_x86_64.manylinux_2_12_x86_64.manylinux2010_x86_64.whl"
            },
            {
              "algorithm": "sha256",
              "hash": "83f66190e3c32603217105913fbfe0a3ef154ab6bbc7ef2c989f5b2957b55840",
              "url": "https://files.pythonhosted.org/packages/9f/83/c261b21c1162bd23a0852705db51ecf1a5709fcd13e719198f316ccc0c78/mypy-0.940-cp39-cp39-win_amd64.whl"
            },
            {
              "algorithm": "sha256",
              "hash": "b1a116c451b41e35afc09618f454b5c2704ba7a4e36f9ff65014fef26bb6075b",
              "url": "https://files.pythonhosted.org/packages/af/7e/c618758c94b7b3103106a4c1ed234ef8b0c0f2db598a4a8e4496a151faef/mypy-0.940-cp38-cp38-macosx_11_0_arm64.whl"
            },
            {
              "algorithm": "sha256",
              "hash": "51be997c1922e2b7be514a5215d1e1799a40832c0a0dee325ba8794f2c48818f",
              "url": "https://files.pythonhosted.org/packages/b6/4e/eb2d04819cc7b615ec32340a62460a882d2569963cba1c9ef9818955bca6/mypy-0.940-cp37-cp37m-manylinux_2_5_x86_64.manylinux1_x86_64.manylinux_2_12_x86_64.manylinux2010_x86_64.whl"
            },
            {
              "algorithm": "sha256",
              "hash": "f8fe1bfab792e4300f80013edaf9949b34e4c056a7b2531b5ef3a0fb9d598ae2",
              "url": "https://files.pythonhosted.org/packages/c3/c0/1fc92b8876986a5995fd8adb5b5152145841491dbed852dc992860dbf43a/mypy-0.940-cp36-cp36m-macosx_10_9_x86_64.whl"
            },
            {
              "algorithm": "sha256",
              "hash": "471af97c35a32061883b0f8a3305ac17947fd42ce962ca9e2b0639eb9141492f",
              "url": "https://files.pythonhosted.org/packages/d4/89/ed52973d1598a07fc4ba80ef96db5ee8de2ff528d7000f2133197f4ebf6f/mypy-0.940-cp310-cp310-macosx_11_0_arm64.whl"
            },
            {
              "algorithm": "sha256",
              "hash": "13677cb8b050f03b5bb2e8bf7b2668cd918b001d56c2435082bbfc9d5f730f42",
              "url": "https://files.pythonhosted.org/packages/e0/a3/6457758d8c99f5cfca1ddbea52bff4c186727efe38e34c5eb6f9c54f0837/mypy-0.940-cp310-cp310-manylinux_2_5_x86_64.manylinux1_x86_64.manylinux_2_12_x86_64.manylinux2010_x86_64.whl"
            },
            {
              "algorithm": "sha256",
              "hash": "d9d7647505bf427bc7931e8baf6cacf9be97e78a397724511f20ddec2a850752",
              "url": "https://files.pythonhosted.org/packages/ea/ab/b2a06eac8cd09e75c2379361294feae8e66c7080dd494d65f14f05826ae2/mypy-0.940-cp39-cp39-macosx_11_0_arm64.whl"
            },
            {
              "algorithm": "sha256",
              "hash": "68038d514ae59d5b2f326be502a359160158d886bd153fc2489dbf7a03c44c96",
              "url": "https://files.pythonhosted.org/packages/f2/1c/9912b90139ae356ae810da3767235dcbf352f869bbef6fc79808aed3804b/mypy-0.940-cp38-cp38-macosx_10_9_universal2.whl"
            },
            {
              "algorithm": "sha256",
              "hash": "2efd76893fb8327eca7e942e21b373e6f3c5c083ff860fb1e82ddd0462d662bd",
              "url": "https://files.pythonhosted.org/packages/f9/8b/d8aeb8c8698f09e0adcca86550911f14ba0e35dd81908d4ac74947615b4f/mypy-0.940-cp310-cp310-win_amd64.whl"
            },
            {
              "algorithm": "sha256",
              "hash": "1f66f2309cdbb07e95e60e83fb4a8272095bd4ea6ee58bf9a70d5fb304ec3e3f",
              "url": "https://files.pythonhosted.org/packages/fd/f3/c63476d8c377755d4b6a245ee773013a7d3b85dca207eff9b058533ae33b/mypy-0.940-cp38-cp38-manylinux_2_5_x86_64.manylinux1_x86_64.manylinux_2_12_x86_64.manylinux2010_x86_64.whl"
            }
          ],
          "project_name": "mypy",
          "requires_dists": [
            "lxml; extra == \"reports\"",
            "mypy-extensions>=0.4.3",
            "psutil>=4.0; extra == \"dmypy\"",
            "tomli>=1.1.0",
            "typed-ast<2,>=1.4.0; extra == \"python2\"",
            "typed-ast<2,>=1.4.0; python_version < \"3.8\"",
            "typing-extensions>=3.10"
          ],
          "requires_python": ">=3.6",
          "version": "0.940"
        },
        {
          "artifacts": [
            {
              "algorithm": "sha256",
              "hash": "090fedd75945a69ae91ce1303b5824f428daf5a028d2f6ab8a299250a846f15d",
              "url": "https://files.pythonhosted.org/packages/5c/eb/975c7c080f3223a5cdaff09612f3a5221e4ba534f7039db34c35d95fa6a5/mypy_extensions-0.4.3-py2.py3-none-any.whl"
            },
            {
              "algorithm": "sha256",
              "hash": "2d82818f5bb3e369420cb3c4060a7970edba416647068eb4c5343488a6c604a8",
              "url": "https://files.pythonhosted.org/packages/63/60/0582ce2eaced55f65a4406fc97beba256de4b7a95a0034c6576458c6519f/mypy_extensions-0.4.3.tar.gz"
            }
          ],
          "project_name": "mypy-extensions",
          "requires_dists": [
            "typing>=3.5.3; python_version < \"3.5\""
          ],
          "requires_python": null,
          "version": "0.4.3"
        },
        {
          "artifacts": [
            {
              "algorithm": "sha256",
              "hash": "e3069e4be3ead9668e21cb9b074cd948f7b3113fd9c8bba083f48247aab8b11c",
              "url": "https://files.pythonhosted.org/packages/05/e4/74f9440db36734d7ba83c574c1e7024009ce849208a41f90e94a134dc6d1/tomli-1.2.3-py3-none-any.whl"
            },
            {
              "algorithm": "sha256",
              "hash": "05b6166bff487dc068d322585c7ea4ef78deed501cc124060e0f238e89a9231f",
              "url": "https://files.pythonhosted.org/packages/fb/2e/d0a8276b0cf9b9e34fd0660c330acc59656f53bb2209adc75af863a3582d/tomli-1.2.3.tar.gz"
            }
          ],
          "project_name": "tomli",
          "requires_dists": [],
          "requires_python": ">=3.6",
          "version": "1.2.3"
        },
        {
          "artifacts": [
            {
              "algorithm": "sha256",
              "hash": "20d5118e494478ef2d3a2702d964dae830aedd7b4d3b626d003eea526be18718",
              "url": "https://files.pythonhosted.org/packages/2f/f3/2037015139b70b86320bd5d5297757cd0f59d62b350f9f97c8561d2de739/typed_ast-1.5.3-cp39-cp39-win_amd64.whl"
            },
            {
              "algorithm": "sha256",
              "hash": "f818c5b81966d4728fec14caa338e30a70dfc3da577984d38f97816c4b3071ec",
              "url": "https://files.pythonhosted.org/packages/02/23/f98ce95b2d6b8aa9ce0082aa062403364f53ce7e13ca51a35d06e93f3d9e/typed_ast-1.5.3-cp36-cp36m-macosx_10_9_x86_64.whl"
            },
            {
              "algorithm": "sha256",
              "hash": "d64dabc6336ddc10373922a146fa2256043b3b43e61f28961caec2a5207c56d5",
              "url": "https://files.pythonhosted.org/packages/15/e6/cf9165982e5348c1264d64d114cb86628f11f2536bbda678e8323f2b0289/typed_ast-1.5.3-cp38-cp38-manylinux_2_17_aarch64.manylinux2014_aarch64.whl"
            },
            {
              "algorithm": "sha256",
              "hash": "e34f9b9e61333ecb0f7d79c21c28aa5cd63bec15cb7e1310d7d3da6ce886bc9b",
              "url": "https://files.pythonhosted.org/packages/17/c1/4d9de855068322cb5c52746a12eb9045088a85c7878585d5231b911915f0/typed_ast-1.5.3-cp310-cp310-win_amd64.whl"
            },
            {
              "algorithm": "sha256",
              "hash": "8cdf91b0c466a6c43f36c1964772918a2c04cfa83df8001ff32a89e357f8eb06",
              "url": "https://files.pythonhosted.org/packages/19/8d/7bb9de83f88c6d78df5d580e6abb4ad805dafc20c925a28b50e6e47c645d/typed_ast-1.5.3-cp38-cp38-manylinux_2_5_x86_64.manylinux1_x86_64.manylinux_2_12_x86_64.manylinux2010_x86_64.whl"
            },
            {
              "algorithm": "sha256",
              "hash": "9cc9e1457e1feb06b075c8ef8aeb046a28ec351b1958b42c7c31c989c841403a",
              "url": "https://files.pythonhosted.org/packages/20/42/257560c97953ed9f7e2964afb31c393214c8ac6127d80e1eb1a2d2371710/typed_ast-1.5.3-cp38-cp38-win_amd64.whl"
            },
            {
              "algorithm": "sha256",
              "hash": "5dc2c11ae59003d4a26dda637222d9ae924387f96acae9492df663843aefad55",
              "url": "https://files.pythonhosted.org/packages/30/03/79cbcfe42dad3ddafe89d308c82ce65037e3cd1d9bacf70c37b44dc457e2/typed_ast-1.5.3-cp310-cp310-manylinux_2_17_aarch64.manylinux2014_aarch64.whl"
            },
            {
              "algorithm": "sha256",
              "hash": "ed44e81517364cb5ba367e4f68fca01fba42a7a4690d40c07886586ac267d9b9",
              "url": "https://files.pythonhosted.org/packages/34/9a/dcade1705f37cc4b2b5c0d93a732ac5d58368ba3486713fed6d31412422f/typed_ast-1.5.3-cp37-cp37m-manylinux_2_17_aarch64.manylinux2014_aarch64.whl"
            },
            {
              "algorithm": "sha256",
              "hash": "c9f1a27592fac87daa4e3f16538713d705599b0a27dfe25518b80b6b017f0a6d",
              "url": "https://files.pythonhosted.org/packages/5a/22/cf3081e24ed317788977e1d0490b3edbcd0d8e41c9c2762775f98cf9555a/typed_ast-1.5.3-cp39-cp39-manylinux_2_17_aarch64.manylinux2014_aarch64.whl"
            },
            {
              "algorithm": "sha256",
              "hash": "8831479695eadc8b5ffed06fdfb3e424adc37962a75925668deeb503f446c0a3",
              "url": "https://files.pythonhosted.org/packages/60/47/8eaf36d1bde67d34af464058019e56b7b5dca1664c7058eff2c91e9fce16/typed_ast-1.5.3-cp39-cp39-manylinux_2_5_x86_64.manylinux1_x86_64.manylinux_2_12_x86_64.manylinux2010_x86_64.whl"
            },
            {
              "algorithm": "sha256",
              "hash": "8e0b8528838ffd426fea8d18bde4c73bcb4167218998cc8b9ee0a0f2bfe678a6",
              "url": "https://files.pythonhosted.org/packages/7e/de/cc3048dd43df10b3353151b682f9ede385bebac0ec32b00b62023acc81bb/typed_ast-1.5.3-cp36-cp36m-win_amd64.whl"
            },
            {
              "algorithm": "sha256",
              "hash": "f60d9de0d087454c91b3999a296d0c4558c1666771e3460621875021bf899af9",
              "url": "https://files.pythonhosted.org/packages/9a/3b/c774e4b896b63c4180ff678a87fa6aaa9e6fa5ce9965c96b7524ed25dd1a/typed_ast-1.5.3-cp37-cp37m-manylinux_2_5_x86_64.manylinux1_x86_64.manylinux_2_12_x86_64.manylinux2010_x86_64.whl"
            },
            {
              "algorithm": "sha256",
              "hash": "fd5df1313915dbd70eaaa88c19030b441742e8b05e6103c631c83b75e0435ccc",
              "url": "https://files.pythonhosted.org/packages/a5/39/151a16fb65b5b9d9e6c135a0281413d041038a3ea90d287abd9c823b0b5b/typed_ast-1.5.3-cp310-cp310-manylinux_2_5_x86_64.manylinux1_x86_64.manylinux_2_12_x86_64.manylinux2010_x86_64.whl"
            },
            {
              "algorithm": "sha256",
              "hash": "3042bfc9ca118712c9809201f55355479cfcdc17449f9f8db5e744e9625c6805",
              "url": "https://files.pythonhosted.org/packages/aa/21/b2129e6034884b08d89ec9b691267bfc4c67ae9a87e6ba632510b48ae47e/typed_ast-1.5.3-cp36-cp36m-manylinux_2_17_aarch64.manylinux2014_aarch64.whl"
            },
            {
              "algorithm": "sha256",
              "hash": "e20d196815eeffb3d76b75223e8ffed124e65ee62097e4e73afb5fec6b993e7a",
              "url": "https://files.pythonhosted.org/packages/ba/99/6aae7f46c8eb147b7e4bdefec8d377a7dd1d4bbc6ae3d8f8c8093fdd64a1/typed_ast-1.5.3-cp39-cp39-macosx_10_9_x86_64.whl"
            },
            {
              "algorithm": "sha256",
              "hash": "9e237e74fd321a55c90eee9bc5d44be976979ad38a29bbd734148295c1ce7617",
              "url": "https://files.pythonhosted.org/packages/ce/88/c7fcf401487d72cba91024e532efdb3457611d4ee9760ce90b71ab177f1a/typed_ast-1.5.3-cp37-cp37m-win_amd64.whl"
            },
            {
              "algorithm": "sha256",
              "hash": "27f25232e2dd0edfe1f019d6bfaaf11e86e657d9bdb7b0956db95f560cceb2b3",
              "url": "https://files.pythonhosted.org/packages/cf/b4/c47a1dc4767a9c98f238b6ad7eb873747eaf640f965d5a4b3e5814bc0b72/typed_ast-1.5.3.tar.gz"
            },
            {
              "algorithm": "sha256",
              "hash": "542cd732351ba8235f20faa0fc7398946fe1a57f2cdb289e5497e1e7f48cfedb",
              "url": "https://files.pythonhosted.org/packages/d9/c8/04be9fc1b54b790cde5dee667b22043d92527e558c9285b653b51f46614d/typed_ast-1.5.3-cp310-cp310-macosx_11_0_arm64.whl"
            },
            {
              "algorithm": "sha256",
              "hash": "9ad3b48cf2b487be140072fb86feff36801487d4abb7382bb1929aaac80638ea",
              "url": "https://files.pythonhosted.org/packages/da/a1/3f4770413f69876f35943b7ef4fa8739a372057710510d72b300c759c0f3/typed_ast-1.5.3-cp310-cp310-macosx_10_9_x86_64.whl"
            },
            {
              "algorithm": "sha256",
              "hash": "4fff9fdcce59dc61ec1b317bdb319f8f4e6b69ebbe61193ae0a60c5f9333dc49",
              "url": "https://files.pythonhosted.org/packages/e2/dc/40caedf9512442b173cc4b7add05fe82852fa4e4eddf6c1865aecee10474/typed_ast-1.5.3-cp36-cp36m-manylinux_2_5_x86_64.manylinux1_x86_64.manylinux_2_12_x86_64.manylinux2010_x86_64.whl"
            },
            {
              "algorithm": "sha256",
              "hash": "37e5349d1d5de2f4763d534ccb26809d1c24b180a477659a12c4bde9dd677d74",
              "url": "https://files.pythonhosted.org/packages/e6/bb/894d5b6b075b5c2ea3bb918ff012ca17e82889ae6e7f912c40bc23a2e2b0/typed_ast-1.5.3-cp39-cp39-macosx_11_0_arm64.whl"
            },
            {
              "algorithm": "sha256",
              "hash": "8ef1d96ad05a291f5c36895d86d1375c0ee70595b90f6bb5f5fdbee749b146db",
              "url": "https://files.pythonhosted.org/packages/e7/1c/f84ac3dd3650ba6421277044dc619fffdcbbd0394d6950eabd2d27e84c5b/typed_ast-1.5.3-cp37-cp37m-macosx_10_9_x86_64.whl"
            },
            {
              "algorithm": "sha256",
              "hash": "27e46cdd01d6c3a0dd8f728b6a938a6751f7bd324817501c15fb056307f918c6",
              "url": "https://files.pythonhosted.org/packages/eb/e9/a2e1ea7146badf2b48a51a10fdb445fc8b3c2b374ad444f95dcf4080751f/typed_ast-1.5.3-cp38-cp38-macosx_11_0_arm64.whl"
            },
            {
              "algorithm": "sha256",
              "hash": "ee852185964744987609b40aee1d2eb81502ae63ee8eef614558f96a56c1902d",
              "url": "https://files.pythonhosted.org/packages/f3/59/59c840d8e4397d0bd7951d691b02fe3a3d35c17110eb8dfe79c07bddc150/typed_ast-1.5.3-cp38-cp38-macosx_10_9_x86_64.whl"
            }
          ],
          "project_name": "typed-ast",
          "requires_dists": [],
          "requires_python": ">=3.6",
          "version": "1.5.3"
        },
        {
          "artifacts": [
            {
              "algorithm": "sha256",
              "hash": "21c85e0fe4b9a155d0799430b0ad741cdce7e359660ccbd8b530613e8df88ce2",
              "url": "https://files.pythonhosted.org/packages/45/6b/44f7f8f1e110027cf88956b59f2fad776cca7e1704396d043f89effd3a0e/typing_extensions-4.1.1-py3-none-any.whl"
            },
            {
              "algorithm": "sha256",
              "hash": "1a9462dcc3347a79b1f1c0271fbe79e844580bb598bafa1ed208b94da3cdcd42",
              "url": "https://files.pythonhosted.org/packages/b1/5a/8b5fbb891ef3f81fc923bf3cb4a578c0abf9471eb50ce0f51c74212182ab/typing_extensions-4.1.1.tar.gz"
            }
          ],
          "project_name": "typing-extensions",
          "requires_dists": [],
          "requires_python": ">=3.6",
          "version": "4.1.1"
        }
      ],
      "platform_tag": [
        "cp310",
        "cp310",
        "macosx_12_0_x86_64"
      ]
    }
  ],
  "path_mappings": {},
  "pex_version": "2.1.88",
  "prefer_older_binary": false,
  "requirements": [
    "mypy==0.940"
  ],
  "requires_python": [
    "<3.11,>=3.6.2"
  ],
  "resolver_version": "pip-2020-resolver",
  "style": "universal",
  "transitive": true,
  "use_pep517": null
}
